
Microsoft Visual Studio Solution File, Format Version 12.00
# Visual Studio Version 17
VisualStudioVersion = 17.3.32811.315
MinimumVisualStudioVersion = 10.0.40219.1
Project("{8BC9CEB8-8B4A-11D0-8D11-00A0C91BC942}") = "Wheel_CircularDetection", "projects\Wheel_CircularDetection\Wheel_CircularDetection.vcxproj", "{0CC00F11-3D20-4607-A9C3-D7EB2A2F06B4}"
EndProject
Project("{8BC9CEB8-8B4A-11D0-8D11-00A0C91BC942}") = "Parts_hough", "projects\Parts_hough\Parts_hough.vcxproj", "{5F09350B-753D-4753-9A67-5FC4D67EDFC3}"
EndProject
Project("{8BC9CEB8-8B4A-11D0-8D11-00A0C91BC942}") = "SkinGrinding", "projects\SkinGrinding\SkinGrinding.vcxproj", "{2DDCC187-7BC8-4611-B3E3-554DBDFA6073}"
EndProject
Project("{8BC9CEB8-8B4A-11D0-8D11-00A0C91BC942}") = "RGB_Histgram", "projects\RGB_Histgram\RGB_Histgram.vcxproj", "{08EC8AB2-714A-40E6-8131-D511389B0EF7}"
EndProject
Project("{8BC9CEB8-8B4A-11D0-8D11-00A0C91BC942}") = "Threshold_Trackbar", "projects\Threshold_Trackbar\Threshold_Trackbar.vcxproj", "{027A8258-3969-4305-A8EF-96C621946CCD}"
EndProject
Project("{8BC9CEB8-8B4A-11D0-8D11-00A0C91BC942}") = "EdgeDetection", "projects\EdgeDetection\EdgeDetection.vcxproj", "{18E81B09-F11C-46F2-81A3-CECDA4508DDB}"
EndProject
Project("{8BC9CEB8-8B4A-11D0-8D11-00A0C91BC942}") = "ImageRectification", "projects\ImageRectification\ImageRectification.vcxproj", "{40A5673A-D318-4990-9C5D-F8B5A578AE5D}"
EndProject
Project("{8BC9CEB8-8B4A-11D0-8D11-00A0C91BC942}") = "SolderJoint_ConnectedComponents", "projects\SolderJoint_ConnectedComponents\SolderJoint_ConnectedComponents.vcxproj", "{9907FB44-91B0-4A71-903B-A8638B3B9678}"
EndProject
Project("{8BC9CEB8-8B4A-11D0-8D11-00A0C91BC942}") = "CupDetection", "projects\CupDetection\CupDetection.vcxproj", "{546F6099-2590-4033-8CC1-09DDB110FC46}"
EndProject
Project("{8BC9CEB8-8B4A-11D0-8D11-00A0C91BC942}") = "ChipDetection", "projects\ChipDetection\ChipDetection.vcxproj", "{D668CA26-D07B-4710-BDF9-57663FFCFEB5}"
EndProject
Project("{8BC9CEB8-8B4A-11D0-8D11-00A0C91BC942}") = "HOG_manual", "projects\HOG_manual\HOG_manual.vcxproj", "{CD113BF6-40EC-4552-803C-4002C4D6E06B}"
EndProject
Project("{8BC9CEB8-8B4A-11D0-8D11-00A0C91BC942}") = "Fourier_Transform", "projects\Fourier_Transform\Fourier_Transform.vcxproj", "{156C8351-166A-477F-B004-B850B6B8090B}"
EndProject
Project("{8BC9CEB8-8B4A-11D0-8D11-00A0C91BC942}") = "Woven_Remove", "projects\Woven_Remove\Woven_Remove.vcxproj", "{FE039264-4BA6-4E38-BBEC-97DDD0E2A701}"
EndProject
Project("{8BC9CEB8-8B4A-11D0-8D11-00A0C91BC942}") = "Hist_Transform", "projects\Hist_Transform\Hist_Transform.vcxproj", "{4E795CE3-3E44-457D-BDE9-C45B5DF4E284}"
EndProject
Global
	GlobalSection(SolutionConfigurationPlatforms) = preSolution
		Debug|x64 = Debug|x64
		Debug|x86 = Debug|x86
		Release|x64 = Release|x64
		Release|x86 = Release|x86
	EndGlobalSection
	GlobalSection(ProjectConfigurationPlatforms) = postSolution
		{0CC00F11-3D20-4607-A9C3-D7EB2A2F06B4}.Debug|x64.ActiveCfg = Debug|x64
		{0CC00F11-3D20-4607-A9C3-D7EB2A2F06B4}.Debug|x64.Build.0 = Debug|x64
		{0CC00F11-3D20-4607-A9C3-D7EB2A2F06B4}.Debug|x86.ActiveCfg = Debug|Win32
		{0CC00F11-3D20-4607-A9C3-D7EB2A2F06B4}.Debug|x86.Build.0 = Debug|Win32
		{0CC00F11-3D20-4607-A9C3-D7EB2A2F06B4}.Release|x64.ActiveCfg = Release|x64
		{0CC00F11-3D20-4607-A9C3-D7EB2A2F06B4}.Release|x64.Build.0 = Release|x64
		{0CC00F11-3D20-4607-A9C3-D7EB2A2F06B4}.Release|x86.ActiveCfg = Release|Win32
		{0CC00F11-3D20-4607-A9C3-D7EB2A2F06B4}.Release|x86.Build.0 = Release|Win32
		{5F09350B-753D-4753-9A67-5FC4D67EDFC3}.Debug|x64.ActiveCfg = Debug|x64
		{5F09350B-753D-4753-9A67-5FC4D67EDFC3}.Debug|x64.Build.0 = Debug|x64
		{5F09350B-753D-4753-9A67-5FC4D67EDFC3}.Debug|x86.ActiveCfg = Debug|Win32
		{5F09350B-753D-4753-9A67-5FC4D67EDFC3}.Debug|x86.Build.0 = Debug|Win32
		{5F09350B-753D-4753-9A67-5FC4D67EDFC3}.Release|x64.ActiveCfg = Release|x64
		{5F09350B-753D-4753-9A67-5FC4D67EDFC3}.Release|x64.Build.0 = Release|x64
		{5F09350B-753D-4753-9A67-5FC4D67EDFC3}.Release|x86.ActiveCfg = Release|Win32
		{5F09350B-753D-4753-9A67-5FC4D67EDFC3}.Release|x86.Build.0 = Release|Win32
		{2DDCC187-7BC8-4611-B3E3-554DBDFA6073}.Debug|x64.ActiveCfg = Debug|x64
		{2DDCC187-7BC8-4611-B3E3-554DBDFA6073}.Debug|x64.Build.0 = Debug|x64
		{2DDCC187-7BC8-4611-B3E3-554DBDFA6073}.Debug|x86.ActiveCfg = Debug|Win32
		{2DDCC187-7BC8-4611-B3E3-554DBDFA6073}.Debug|x86.Build.0 = Debug|Win32
		{2DDCC187-7BC8-4611-B3E3-554DBDFA6073}.Release|x64.ActiveCfg = Release|x64
		{2DDCC187-7BC8-4611-B3E3-554DBDFA6073}.Release|x64.Build.0 = Release|x64
		{2DDCC187-7BC8-4611-B3E3-554DBDFA6073}.Release|x86.ActiveCfg = Release|Win32
		{2DDCC187-7BC8-4611-B3E3-554DBDFA6073}.Release|x86.Build.0 = Release|Win32
		{08EC8AB2-714A-40E6-8131-D511389B0EF7}.Debug|x64.ActiveCfg = Debug|x64
		{08EC8AB2-714A-40E6-8131-D511389B0EF7}.Debug|x64.Build.0 = Debug|x64
		{08EC8AB2-714A-40E6-8131-D511389B0EF7}.Debug|x86.ActiveCfg = Debug|Win32
		{08EC8AB2-714A-40E6-8131-D511389B0EF7}.Debug|x86.Build.0 = Debug|Win32
		{08EC8AB2-714A-40E6-8131-D511389B0EF7}.Release|x64.ActiveCfg = Release|x64
		{08EC8AB2-714A-40E6-8131-D511389B0EF7}.Release|x64.Build.0 = Release|x64
		{08EC8AB2-714A-40E6-8131-D511389B0EF7}.Release|x86.ActiveCfg = Release|Win32
		{08EC8AB2-714A-40E6-8131-D511389B0EF7}.Release|x86.Build.0 = Release|Win32
		{027A8258-3969-4305-A8EF-96C621946CCD}.Debug|x64.ActiveCfg = Debug|x64
		{027A8258-3969-4305-A8EF-96C621946CCD}.Debug|x64.Build.0 = Debug|x64
		{027A8258-3969-4305-A8EF-96C621946CCD}.Debug|x86.ActiveCfg = Debug|Win32
		{027A8258-3969-4305-A8EF-96C621946CCD}.Debug|x86.Build.0 = Debug|Win32
		{027A8258-3969-4305-A8EF-96C621946CCD}.Release|x64.ActiveCfg = Release|x64
		{027A8258-3969-4305-A8EF-96C621946CCD}.Release|x64.Build.0 = Release|x64
		{027A8258-3969-4305-A8EF-96C621946CCD}.Release|x86.ActiveCfg = Release|Win32
		{027A8258-3969-4305-A8EF-96C621946CCD}.Release|x86.Build.0 = Release|Win32
		{18E81B09-F11C-46F2-81A3-CECDA4508DDB}.Debug|x64.ActiveCfg = Debug|x64
		{18E81B09-F11C-46F2-81A3-CECDA4508DDB}.Debug|x64.Build.0 = Debug|x64
		{18E81B09-F11C-46F2-81A3-CECDA4508DDB}.Debug|x86.ActiveCfg = Debug|Win32
		{18E81B09-F11C-46F2-81A3-CECDA4508DDB}.Debug|x86.Build.0 = Debug|Win32
		{18E81B09-F11C-46F2-81A3-CECDA4508DDB}.Release|x64.ActiveCfg = Release|x64
		{18E81B09-F11C-46F2-81A3-CECDA4508DDB}.Release|x64.Build.0 = Release|x64
		{18E81B09-F11C-46F2-81A3-CECDA4508DDB}.Release|x86.ActiveCfg = Release|Win32
		{18E81B09-F11C-46F2-81A3-CECDA4508DDB}.Release|x86.Build.0 = Release|Win32
		{40A5673A-D318-4990-9C5D-F8B5A578AE5D}.Debug|x64.ActiveCfg = Debug|x64
		{40A5673A-D318-4990-9C5D-F8B5A578AE5D}.Debug|x64.Build.0 = Debug|x64
		{40A5673A-D318-4990-9C5D-F8B5A578AE5D}.Debug|x86.ActiveCfg = Debug|Win32
		{40A5673A-D318-4990-9C5D-F8B5A578AE5D}.Debug|x86.Build.0 = Debug|Win32
		{40A5673A-D318-4990-9C5D-F8B5A578AE5D}.Release|x64.ActiveCfg = Release|x64
		{40A5673A-D318-4990-9C5D-F8B5A578AE5D}.Release|x64.Build.0 = Release|x64
		{40A5673A-D318-4990-9C5D-F8B5A578AE5D}.Release|x86.ActiveCfg = Release|Win32
		{40A5673A-D318-4990-9C5D-F8B5A578AE5D}.Release|x86.Build.0 = Release|Win32
		{9907FB44-91B0-4A71-903B-A8638B3B9678}.Debug|x64.ActiveCfg = Debug|x64
		{9907FB44-91B0-4A71-903B-A8638B3B9678}.Debug|x64.Build.0 = Debug|x64
		{9907FB44-91B0-4A71-903B-A8638B3B9678}.Debug|x86.ActiveCfg = Debug|Win32
		{9907FB44-91B0-4A71-903B-A8638B3B9678}.Debug|x86.Build.0 = Debug|Win32
		{9907FB44-91B0-4A71-903B-A8638B3B9678}.Release|x64.ActiveCfg = Release|x64
		{9907FB44-91B0-4A71-903B-A8638B3B9678}.Release|x64.Build.0 = Release|x64
		{9907FB44-91B0-4A71-903B-A8638B3B9678}.Release|x86.ActiveCfg = Release|Win32
		{9907FB44-91B0-4A71-903B-A8638B3B9678}.Release|x86.Build.0 = Release|Win32
		{546F6099-2590-4033-8CC1-09DDB110FC46}.Debug|x64.ActiveCfg = Debug|x64
		{546F6099-2590-4033-8CC1-09DDB110FC46}.Debug|x64.Build.0 = Debug|x64
		{546F6099-2590-4033-8CC1-09DDB110FC46}.Debug|x86.ActiveCfg = Debug|Win32
		{546F6099-2590-4033-8CC1-09DDB110FC46}.Debug|x86.Build.0 = Debug|Win32
		{546F6099-2590-4033-8CC1-09DDB110FC46}.Release|x64.ActiveCfg = Release|x64
		{546F6099-2590-4033-8CC1-09DDB110FC46}.Release|x64.Build.0 = Release|x64
		{546F6099-2590-4033-8CC1-09DDB110FC46}.Release|x86.ActiveCfg = Release|Win32
		{546F6099-2590-4033-8CC1-09DDB110FC46}.Release|x86.Build.0 = Release|Win32
		{D668CA26-D07B-4710-BDF9-57663FFCFEB5}.Debug|x64.ActiveCfg = Debug|x64
		{D668CA26-D07B-4710-BDF9-57663FFCFEB5}.Debug|x64.Build.0 = Debug|x64
		{D668CA26-D07B-4710-BDF9-57663FFCFEB5}.Debug|x86.ActiveCfg = Debug|Win32
		{D668CA26-D07B-4710-BDF9-57663FFCFEB5}.Debug|x86.Build.0 = Debug|Win32
		{D668CA26-D07B-4710-BDF9-57663FFCFEB5}.Release|x64.ActiveCfg = Release|x64
		{D668CA26-D07B-4710-BDF9-57663FFCFEB5}.Release|x64.Build.0 = Release|x64
		{D668CA26-D07B-4710-BDF9-57663FFCFEB5}.Release|x86.ActiveCfg = Release|Win32
		{D668CA26-D07B-4710-BDF9-57663FFCFEB5}.Release|x86.Build.0 = Release|Win32
		{CD113BF6-40EC-4552-803C-4002C4D6E06B}.Debug|x64.ActiveCfg = Debug|x64
		{CD113BF6-40EC-4552-803C-4002C4D6E06B}.Debug|x64.Build.0 = Debug|x64
		{CD113BF6-40EC-4552-803C-4002C4D6E06B}.Debug|x86.ActiveCfg = Debug|Win32
		{CD113BF6-40EC-4552-803C-4002C4D6E06B}.Debug|x86.Build.0 = Debug|Win32
		{CD113BF6-40EC-4552-803C-4002C4D6E06B}.Release|x64.ActiveCfg = Release|x64
		{CD113BF6-40EC-4552-803C-4002C4D6E06B}.Release|x64.Build.0 = Release|x64
		{CD113BF6-40EC-4552-803C-4002C4D6E06B}.Release|x86.ActiveCfg = Release|Win32
		{CD113BF6-40EC-4552-803C-4002C4D6E06B}.Release|x86.Build.0 = Release|Win32
		{156C8351-166A-477F-B004-B850B6B8090B}.Debug|x64.ActiveCfg = Debug|x64
		{156C8351-166A-477F-B004-B850B6B8090B}.Debug|x64.Build.0 = Debug|x64
		{156C8351-166A-477F-B004-B850B6B8090B}.Debug|x86.ActiveCfg = Debug|Win32
		{156C8351-166A-477F-B004-B850B6B8090B}.Debug|x86.Build.0 = Debug|Win32
		{156C8351-166A-477F-B004-B850B6B8090B}.Release|x64.ActiveCfg = Release|x64
		{156C8351-166A-477F-B004-B850B6B8090B}.Release|x64.Build.0 = Release|x64
		{156C8351-166A-477F-B004-B850B6B8090B}.Release|x86.ActiveCfg = Release|Win32
		{156C8351-166A-477F-B004-B850B6B8090B}.Release|x86.Build.0 = Release|Win32
		{FE039264-4BA6-4E38-BBEC-97DDD0E2A701}.Debug|x64.ActiveCfg = Debug|x64
		{FE039264-4BA6-4E38-BBEC-97DDD0E2A701}.Debug|x64.Build.0 = Debug|x64
		{FE039264-4BA6-4E38-BBEC-97DDD0E2A701}.Debug|x86.ActiveCfg = Debug|Win32
		{FE039264-4BA6-4E38-BBEC-97DDD0E2A701}.Debug|x86.Build.0 = Debug|Win32
		{FE039264-4BA6-4E38-BBEC-97DDD0E2A701}.Release|x64.ActiveCfg = Release|x64
		{FE039264-4BA6-4E38-BBEC-97DDD0E2A701}.Release|x64.Build.0 = Release|x64
		{FE039264-4BA6-4E38-BBEC-97DDD0E2A701}.Release|x86.ActiveCfg = Release|Win32
		{FE039264-4BA6-4E38-BBEC-97DDD0E2A701}.Release|x86.Build.0 = Release|Win32
		{4E795CE3-3E44-457D-BDE9-C45B5DF4E284}.Debug|x64.ActiveCfg = Debug|x64
		{4E795CE3-3E44-457D-BDE9-C45B5DF4E284}.Debug|x64.Build.0 = Debug|x64
		{4E795CE3-3E44-457D-BDE9-C45B5DF4E284}.Debug|x86.ActiveCfg = Debug|Win32
		{4E795CE3-3E44-457D-BDE9-C45B5DF4E284}.Debug|x86.Build.0 = Debug|Win32
		{4E795CE3-3E44-457D-BDE9-C45B5DF4E284}.Release|x64.ActiveCfg = Release|x64
		{4E795CE3-3E44-457D-BDE9-C45B5DF4E284}.Release|x64.Build.0 = Release|x64
		{4E795CE3-3E44-457D-BDE9-C45B5DF4E284}.Release|x86.ActiveCfg = Release|Win32
		{4E795CE3-3E44-457D-BDE9-C45B5DF4E284}.Release|x86.Build.0 = Release|Win32
	EndGlobalSection
	GlobalSection(SolutionProperties) = preSolution
		HideSolutionNode = FALSE
	EndGlobalSection
	GlobalSection(ExtensibilityGlobals) = postSolution
		SolutionGuid = {11AA0265-497A-47C3-83E5-ED5D9AAEBEB8}
	EndGlobalSection
EndGlobal
